// !$*UTF8*$!
{
	archiveVersion = 1;
	classes = {
	};
	objectVersion = 51;
	objects = {

/* Begin PBXBuildFile section */
		381EFDB8230B4573008E29B8 /* AppDelegate.swift in Sources */ = {isa = PBXBuildFile; fileRef = 381EFDB7230B4573008E29B8 /* AppDelegate.swift */; };
		381EFDBA230B4573008E29B8 /* ViewController.swift in Sources */ = {isa = PBXBuildFile; fileRef = 381EFDB9230B4573008E29B8 /* ViewController.swift */; };
		381EFDBD230B4573008E29B8 /* Main.storyboard in Resources */ = {isa = PBXBuildFile; fileRef = 381EFDBB230B4573008E29B8 /* Main.storyboard */; };
		381EFDBF230B4578008E29B8 /* Assets.xcassets in Resources */ = {isa = PBXBuildFile; fileRef = 381EFDBE230B4578008E29B8 /* Assets.xcassets */; };
		381EFDC2230B4578008E29B8 /* LaunchScreen.storyboard in Resources */ = {isa = PBXBuildFile; fileRef = 381EFDC0230B4578008E29B8 /* LaunchScreen.storyboard */; };
		381EFDCA230B477D008E29B8 /* GoogleService-Info.plist in Resources */ = {isa = PBXBuildFile; fileRef = 381EFDC9230B477D008E29B8 /* GoogleService-Info.plist */; };
		381EFDCC230C7D63008E29B8 /* RatingControl.swift in Sources */ = {isa = PBXBuildFile; fileRef = 381EFDCB230C7D63008E29B8 /* RatingControl.swift */; };
		381EFDCE230C9DCF008E29B8 /* MapViewController.swift in Sources */ = {isa = PBXBuildFile; fileRef = 381EFDCD230C9DCF008E29B8 /* MapViewController.swift */; };
		381EFDD0230D3FBD008E29B8 /* Artwork.swift in Sources */ = {isa = PBXBuildFile; fileRef = 381EFDCF230D3FBD008E29B8 /* Artwork.swift */; };
		7499EAD7F4952F47007A9AD0 /* Pods_TechProject.framework in Frameworks */ = {isa = PBXBuildFile; fileRef = 223DBD9B36FFAF7EF807A713 /* Pods_TechProject.framework */; };
/* End PBXBuildFile section */

/* Begin PBXFileReference section */
		223DBD9B36FFAF7EF807A713 /* Pods_TechProject.framework */ = {isa = PBXFileReference; explicitFileType = wrapper.framework; includeInIndex = 0; path = Pods_TechProject.framework; sourceTree = BUILT_PRODUCTS_DIR; };
		2D2BC1E336C6D02417B303FA /* Pods-TechProject.release.xcconfig */ = {isa = PBXFileReference; includeInIndex = 1; lastKnownFileType = text.xcconfig; name = "Pods-TechProject.release.xcconfig"; path = "Target Support Files/Pods-TechProject/Pods-TechProject.release.xcconfig"; sourceTree = "<group>"; };
		381EFDB4230B4573008E29B8 /* TechProject.app */ = {isa = PBXFileReference; explicitFileType = wrapper.application; includeInIndex = 0; path = TechProject.app; sourceTree = BUILT_PRODUCTS_DIR; };
		381EFDB7230B4573008E29B8 /* AppDelegate.swift */ = {isa = PBXFileReference; lastKnownFileType = sourcecode.swift; path = AppDelegate.swift; sourceTree = "<group>"; };
		381EFDB9230B4573008E29B8 /* ViewController.swift */ = {isa = PBXFileReference; lastKnownFileType = sourcecode.swift; path = ViewController.swift; sourceTree = "<group>"; };
		381EFDBC230B4573008E29B8 /* Base */ = {isa = PBXFileReference; lastKnownFileType = file.storyboard; name = Base; path = Base.lproj/Main.storyboard; sourceTree = "<group>"; };
		381EFDBE230B4578008E29B8 /* Assets.xcassets */ = {isa = PBXFileReference; lastKnownFileType = folder.assetcatalog; path = Assets.xcassets; sourceTree = "<group>"; };
		381EFDC1230B4578008E29B8 /* Base */ = {isa = PBXFileReference; lastKnownFileType = file.storyboard; name = Base; path = Base.lproj/LaunchScreen.storyboard; sourceTree = "<group>"; };
		381EFDC3230B4578008E29B8 /* Info.plist */ = {isa = PBXFileReference; lastKnownFileType = text.plist.xml; path = Info.plist; sourceTree = "<group>"; };
		381EFDC9230B477D008E29B8 /* GoogleService-Info.plist */ = {isa = PBXFileReference; fileEncoding = 4; lastKnownFileType = text.plist.xml; path = "GoogleService-Info.plist"; sourceTree = "<group>"; };
		381EFDCB230C7D63008E29B8 /* RatingControl.swift */ = {isa = PBXFileReference; lastKnownFileType = sourcecode.swift; path = RatingControl.swift; sourceTree = "<group>"; };
		381EFDCD230C9DCF008E29B8 /* MapViewController.swift */ = {isa = PBXFileReference; lastKnownFileType = sourcecode.swift; path = MapViewController.swift; sourceTree = "<group>"; };
		381EFDCF230D3FBD008E29B8 /* Artwork.swift */ = {isa = PBXFileReference; lastKnownFileType = sourcecode.swift; path = Artwork.swift; sourceTree = "<group>"; };
		5BBE7C1FFDD0D92C662B61F2 /* Pods-TechProject.debug.xcconfig */ = {isa = PBXFileReference; includeInIndex = 1; lastKnownFileType = text.xcconfig; name = "Pods-TechProject.debug.xcconfig"; path = "Target Support Files/Pods-TechProject/Pods-TechProject.debug.xcconfig"; sourceTree = "<group>"; };
/* End PBXFileReference section */

/* Begin PBXFrameworksBuildPhase section */
		381EFDB1230B4573008E29B8 /* Frameworks */ = {
			isa = PBXFrameworksBuildPhase;
			buildActionMask = 2147483647;
			files = (
				7499EAD7F4952F47007A9AD0 /* Pods_TechProject.framework in Frameworks */,
			);
			runOnlyForDeploymentPostprocessing = 0;
		};
/* End PBXFrameworksBuildPhase section */

/* Begin PBXGroup section */
		1F8176753C7BD9709D2BA727 /* Pods */ = {
			isa = PBXGroup;
			children = (
				5BBE7C1FFDD0D92C662B61F2 /* Pods-TechProject.debug.xcconfig */,
				2D2BC1E336C6D02417B303FA /* Pods-TechProject.release.xcconfig */,
			);
			path = Pods;
			sourceTree = "<group>";
		};
		381EFDAB230B4573008E29B8 = {
			isa = PBXGroup;
			children = (
				381EFDB6230B4573008E29B8 /* TechProject */,
				381EFDB5230B4573008E29B8 /* Products */,
				1F8176753C7BD9709D2BA727 /* Pods */,
				99EF2D3240E735C42C43253B /* Frameworks */,
			);
			sourceTree = "<group>";
		};
		381EFDB5230B4573008E29B8 /* Products */ = {
			isa = PBXGroup;
			children = (
				381EFDB4230B4573008E29B8 /* TechProject.app */,
			);
			name = Products;
			sourceTree = "<group>";
		};
		381EFDB6230B4573008E29B8 /* TechProject */ = {
			isa = PBXGroup;
			children = (
				381EFDB7230B4573008E29B8 /* AppDelegate.swift */,
				381EFDB9230B4573008E29B8 /* ViewController.swift */,
				381EFDCD230C9DCF008E29B8 /* MapViewController.swift */,
				381EFDCF230D3FBD008E29B8 /* Artwork.swift */,
				381EFDCB230C7D63008E29B8 /* RatingControl.swift */,
				381EFDBB230B4573008E29B8 /* Main.storyboard */,
				381EFDBE230B4578008E29B8 /* Assets.xcassets */,
				381EFDC0230B4578008E29B8 /* LaunchScreen.storyboard */,
				381EFDC3230B4578008E29B8 /* Info.plist */,
				381EFDC9230B477D008E29B8 /* GoogleService-Info.plist */,
			);
			path = TechProject;
			sourceTree = "<group>";
		};
		99EF2D3240E735C42C43253B /* Frameworks */ = {
			isa = PBXGroup;
			children = (
				223DBD9B36FFAF7EF807A713 /* Pods_TechProject.framework */,
			);
			name = Frameworks;
			sourceTree = "<group>";
		};
/* End PBXGroup section */

/* Begin PBXNativeTarget section */
		381EFDB3230B4573008E29B8 /* TechProject */ = {
			isa = PBXNativeTarget;
			buildConfigurationList = 381EFDC6230B4579008E29B8 /* Build configuration list for PBXNativeTarget "TechProject" */;
			buildPhases = (
				402376E07D5110B038FD6703 /* [CP] Check Pods Manifest.lock */,
				381EFDB0230B4573008E29B8 /* Sources */,
				381EFDB1230B4573008E29B8 /* Frameworks */,
				381EFDB2230B4573008E29B8 /* Resources */,
				57ECEDE25F08A3DBDD5FE55C /* [CP] Embed Pods Frameworks */,
			);
			buildRules = (
			);
			dependencies = (
			);
			name = TechProject;
			productName = TechProject;
			productReference = 381EFDB4230B4573008E29B8 /* TechProject.app */;
			productType = "com.apple.product-type.application";
		};
/* End PBXNativeTarget section */

/* Begin PBXProject section */
		381EFDAC230B4573008E29B8 /* Project object */ = {
			isa = PBXProject;
			attributes = {
				LastSwiftUpdateCheck = 1020;
				LastUpgradeCheck = 1020;
				ORGANIZATIONNAME = "Zhalgas Yegizgarin";
				TargetAttributes = {
					381EFDB3230B4573008E29B8 = {
						CreatedOnToolsVersion = 10.2.1;
					};
				};
			};
			buildConfigurationList = 381EFDAF230B4573008E29B8 /* Build configuration list for PBXProject "TechProject" */;
			compatibilityVersion = "Xcode 9.3";
			developmentRegion = en;
			hasScannedForEncodings = 0;
			knownRegions = (
				en,
				Base,
			);
			mainGroup = 381EFDAB230B4573008E29B8;
			productRefGroup = 381EFDB5230B4573008E29B8 /* Products */;
			projectDirPath = "";
			projectRoot = "";
			targets = (
				381EFDB3230B4573008E29B8 /* TechProject */,
			);
		};
/* End PBXProject section */

/* Begin PBXResourcesBuildPhase section */
		381EFDB2230B4573008E29B8 /* Resources */ = {
			isa = PBXResourcesBuildPhase;
			buildActionMask = 2147483647;
			files = (
				381EFDC2230B4578008E29B8 /* LaunchScreen.storyboard in Resources */,
				381EFDCA230B477D008E29B8 /* GoogleService-Info.plist in Resources */,
				381EFDBF230B4578008E29B8 /* Assets.xcassets in Resources */,
				381EFDBD230B4573008E29B8 /* Main.storyboard in Resources */,
			);
			runOnlyForDeploymentPostprocessing = 0;
		};
/* End PBXResourcesBuildPhase section */

/* Begin PBXShellScriptBuildPhase section */
		402376E07D5110B038FD6703 /* [CP] Check Pods Manifest.lock */ = {
			isa = PBXShellScriptBuildPhase;
			buildActionMask = 2147483647;
			files = (
			);
			inputFileListPaths = (
			);
			inputPaths = (
				"${PODS_PODFILE_DIR_PATH}/Podfile.lock",
				"${PODS_ROOT}/Manifest.lock",
			);
			name = "[CP] Check Pods Manifest.lock";
			outputFileListPaths = (
			);
			outputPaths = (
				"$(DERIVED_FILE_DIR)/Pods-TechProject-checkManifestLockResult.txt",
			);
			runOnlyForDeploymentPostprocessing = 0;
			shellPath = /bin/sh;
			shellScript = "diff \"${PODS_PODFILE_DIR_PATH}/Podfile.lock\" \"${PODS_ROOT}/Manifest.lock\" > /dev/null\nif [ $? != 0 ] ; then\n    # print error to STDERR\n    echo \"error: The sandbox is not in sync with the Podfile.lock. Run 'pod install' or update your CocoaPods installation.\" >&2\n    exit 1\nfi\n# This output is used by Xcode 'outputs' to avoid re-running this script phase.\necho \"SUCCESS\" > \"${SCRIPT_OUTPUT_FILE_0}\"\n";
			showEnvVarsInLog = 0;
		};
		57ECEDE25F08A3DBDD5FE55C /* [CP] Embed Pods Frameworks */ = {
			isa = PBXShellScriptBuildPhase;
			buildActionMask = 2147483647;
			files = (
			);
			inputFileListPaths = (
				"${PODS_ROOT}/Target Support Files/Pods-TechProject/Pods-TechProject-frameworks-${CONFIGURATION}-input-files.xcfilelist",
			);
			name = "[CP] Embed Pods Frameworks";
			outputFileListPaths = (
				"${PODS_ROOT}/Target Support Files/Pods-TechProject/Pods-TechProject-frameworks-${CONFIGURATION}-output-files.xcfilelist",
			);
			runOnlyForDeploymentPostprocessing = 0;
			shellPath = /bin/sh;
			shellScript = "\"${PODS_ROOT}/Target Support Files/Pods-TechProject/Pods-TechProject-frameworks.sh\"\n";
			showEnvVarsInLog = 0;
		};
/* End PBXShellScriptBuildPhase section */

/* Begin PBXSourcesBuildPhase section */
		381EFDB0230B4573008E29B8 /* Sources */ = {
			isa = PBXSourcesBuildPhase;
			buildActionMask = 2147483647;
			files = (
				381EFDD0230D3FBD008E29B8 /* Artwork.swift in Sources */,
				381EFDBA230B4573008E29B8 /* ViewController.swift in Sources */,
				381EFDCC230C7D63008E29B8 /* RatingControl.swift in Sources */,
				381EFDB8230B4573008E29B8 /* AppDelegate.swift in Sources */,
				381EFDCE230C9DCF008E29B8 /* MapViewController.swift in Sources */,
			);
			runOnlyForDeploymentPostprocessing = 0;
		};
/* End PBXSourcesBuildPhase section */

/* Begin PBXVariantGroup section */
		381EFDBB230B4573008E29B8 /* Main.storyboard */ = {
			isa = PBXVariantGroup;
			children = (
				381EFDBC230B4573008E29B8 /* Base */,
			);
			name = Main.storyboard;
			sourceTree = "<group>";
		};
		381EFDC0230B4578008E29B8 /* LaunchScreen.storyboard */ = {
			isa = PBXVariantGroup;
			children = (
				381EFDC1230B4578008E29B8 /* Base */,
			);
			name = LaunchScreen.storyboard;
			sourceTree = "<group>";
		};
/* End PBXVariantGroup section */

/* Begin XCBuildConfiguration section */
		381EFDC4230B4578008E29B8 /* Debug */ = {
			isa = XCBuildConfiguration;
			buildSettings = {
				ALWAYS_SEARCH_USER_PATHS = NO;
				CLANG_ANALYZER_NONNULL = YES;
				CLANG_ANALYZER_NUMBER_OBJECT_CONVERSION = YES_AGGRESSIVE;
				CLANG_CXX_LANGUAGE_STANDARD = "gnu++14";
				CLANG_CXX_LIBRARY = "libc++";
				CLANG_ENABLE_MODULES = YES;
				CLANG_ENABLE_OBJC_ARC = YES;
				CLANG_ENABLE_OBJC_WEAK = YES;
				CLANG_WARN_BLOCK_CAPTURE_AUTORELEASING = YES;
				CLANG_WARN_BOOL_CONVERSION = YES;
				CLANG_WARN_COMMA = YES;
				CLANG_WARN_CONSTANT_CONVERSION = YES;
				CLANG_WARN_DEPRECATED_OBJC_IMPLEMENTATIONS = YES;
				CLANG_WARN_DIRECT_OBJC_ISA_USAGE = YES_ERROR;
				CLANG_WARN_DOCUMENTATION_COMMENTS = YES;
				CLANG_WARN_EMPTY_BODY = YES;
				CLANG_WARN_ENUM_CONVERSION = YES;
				CLANG_WARN_INFINITE_RECURSION = YES;
				CLANG_WARN_INT_CONVERSION = YES;
				CLANG_WARN_NON_LITERAL_NULL_CONVERSION = YES;
				CLANG_WARN_OBJC_IMPLICIT_RETAIN_SELF = YES;
				CLANG_WARN_OBJC_LITERAL_CONVERSION = YES;
				CLANG_WARN_OBJC_ROOT_CLASS = YES_ERROR;
				CLANG_WARN_RANGE_LOOP_ANALYSIS = YES;
				CLANG_WARN_STRICT_PROTOTYPES = YES;
				CLANG_WARN_SUSPICIOUS_MOVE = YES;
				CLANG_WARN_UNGUARDED_AVAILABILITY = YES_AGGRESSIVE;
				CLANG_WARN_UNREACHABLE_CODE = YES;
				CLANG_WARN__DUPLICATE_METHOD_MATCH = YES;
				CODE_SIGN_IDENTITY = "iPhone Developer";
				COPY_PHASE_STRIP = NO;
				DEBUG_INFORMATION_FORMAT = dwarf;
				ENABLE_STRICT_OBJC_MSGSEND = YES;
				ENABLE_TESTABILITY = YES;
				GCC_C_LANGUAGE_STANDARD = gnu11;
				GCC_DYNAMIC_NO_PIC = NO;
				GCC_NO_COMMON_BLOCKS = YES;
				GCC_OPTIMIZATION_LEVEL = 0;
				GCC_PREPROCESSOR_DEFINITIONS = (
					"DEBUG=1",
					"$(inherited)",
				);
				GCC_WARN_64_TO_32_BIT_CONVERSION = YES;
				GCC_WARN_ABOUT_RETURN_TYPE = YES_ERROR;
				GCC_WARN_UNDECLARED_SELECTOR = YES;
				GCC_WARN_UNINITIALIZED_AUTOS = YES_AGGRESSIVE;
				GCC_WARN_UNUSED_FUNCTION = YES;
				GCC_WARN_UNUSED_VARIABLE = YES;
				IPHONEOS_DEPLOYMENT_TARGET = 12.2;
				MTL_ENABLE_DEBUG_INFO = INCLUDE_SOURCE;
				MTL_FAST_MATH = YES;
				ONLY_ACTIVE_ARCH = YES;
				SDKROOT = iphoneos;
				SWIFT_ACTIVE_COMPILATION_CONDITIONS = DEBUG;
				SWIFT_OPTIMIZATION_LEVEL = "-Onone";
			};
			name = Debug;
		};
		381EFDC5230B4578008E29B8 /* Release */ = {
			isa = XCBuildConfiguration;
			buildSettings = {
				ALWAYS_SEARCH_USER_PATHS = NO;
				CLANG_ANALYZER_NONNULL = YES;
				CLANG_ANALYZER_NUMBER_OBJECT_CONVERSION = YES_AGGRESSIVE;
				CLANG_CXX_LANGUAGE_STANDARD = "gnu++14";
				CLANG_CXX_LIBRARY = "libc++";
				CLANG_ENABLE_MODULES = YES;
				CLANG_ENABLE_OBJC_ARC = YES;
				CLANG_ENABLE_OBJC_WEAK = YES;
				CLANG_WARN_BLOCK_CAPTURE_AUTORELEASING = YES;
				CLANG_WARN_BOOL_CONVERSION = YES;
				CLANG_WARN_COMMA = YES;
				CLANG_WARN_CONSTANT_CONVERSION = YES;
				CLANG_WARN_DEPRECATED_OBJC_IMPLEMENTATIONS = YES;
				CLANG_WARN_DIRECT_OBJC_ISA_USAGE = YES_ERROR;
				CLANG_WARN_DOCUMENTATION_COMMENTS = YES;
				CLANG_WARN_EMPTY_BODY = YES;
				CLANG_WARN_ENUM_CONVERSION = YES;
				CLANG_WARN_INFINITE_RECURSION = YES;
				CLANG_WARN_INT_CONVERSION = YES;
				CLANG_WARN_NON_LITERAL_NULL_CONVERSION = YES;
				CLANG_WARN_OBJC_IMPLICIT_RETAIN_SELF = YES;
				CLANG_WARN_OBJC_LITERAL_CONVERSION = YES;
				CLANG_WARN_OBJC_ROOT_CLASS = YES_ERROR;
				CLANG_WARN_RANGE_LOOP_ANALYSIS = YES;
				CLANG_WARN_STRICT_PROTOTYPES = YES;
				CLANG_WARN_SUSPICIOUS_MOVE = YES;
				CLANG_WARN_UNGUARDED_AVAILABILITY = YES_AGGRESSIVE;
				CLANG_WARN_UNREACHABLE_CODE = YES;
				CLANG_WARN__DUPLICATE_METHOD_MATCH = YES;
				CODE_SIGN_IDENTITY = "iPhone Developer";
				COPY_PHASE_STRIP = NO;
				DEBUG_INFORMATION_FORMAT = "dwarf-with-dsym";
				ENABLE_NS_ASSERTIONS = NO;
				ENABLE_STRICT_OBJC_MSGSEND = YES;
				GCC_C_LANGUAGE_STANDARD = gnu11;
				GCC_NO_COMMON_BLOCKS = YES;
				GCC_WARN_64_TO_32_BIT_CONVERSION = YES;
				GCC_WARN_ABOUT_RETURN_TYPE = YES_ERROR;
				GCC_WARN_UNDECLARED_SELECTOR = YES;
				GCC_WARN_UNINITIALIZED_AUTOS = YES_AGGRESSIVE;
				GCC_WARN_UNUSED_FUNCTION = YES;
				GCC_WARN_UNUSED_VARIABLE = YES;
				IPHONEOS_DEPLOYMENT_TARGET = 12.2;
				MTL_ENABLE_DEBUG_INFO = NO;
				MTL_FAST_MATH = YES;
				SDKROOT = iphoneos;
				SWIFT_COMPILATION_MODE = wholemodule;
				SWIFT_OPTIMIZATION_LEVEL = "-O";
				VALIDATE_PRODUCT = YES;
			};
			name = Release;
		};
		381EFDC7230B4579008E29B8 /* Debug */ = {
			isa = XCBuildConfiguration;
			baseConfigurationReference = 5BBE7C1FFDD0D92C662B61F2 /* Pods-TechProject.debug.xcconfig */;
			buildSettings = {
				ASSETCATALOG_COMPILER_APPICON_NAME = AppIcon;
				CODE_SIGN_STYLE = Automatic;
				DEVELOPMENT_TEAM = D35V84P543;
				INFOPLIST_FILE = TechProject/Info.plist;
				LD_RUNPATH_SEARCH_PATHS = (
					"$(inherited)",
					"@executable_path/Frameworks",
				);
				PRODUCT_BUNDLE_IDENTIFIER = ZYK.TechProject;
				PRODUCT_NAME = "$(TARGET_NAME)";
				SWIFT_VERSION = 5.0;
				TARGETED_DEVICE_FAMILY = "1,2";
			};
			name = Debug;
		};
		381EFDC8230B4579008E29B8 /* Release */ = {
			isa = XCBuildConfiguration;
			baseConfigurationReference = 2D2BC1E336C6D02417B303FA /* Pods-TechProject.release.xcconfig */;
			buildSettings = {
				ASSETCATALOG_COMPILER_APPICON_NAME = AppIcon;
				CODE_SIGN_STYLE = Automatic;
				DEVELOPMENT_TEAM = D35V84P543;
				INFOPLIST_FILE = TechProject/Info.plist;
				LD_RUNPATH_SEARCH_PATHS = (
					"$(inherited)",
					"@executable_path/Frameworks",
				);
				PRODUCT_BUNDLE_IDENTIFIER = ZYK.TechProject;
				PRODUCT_NAME = "$(TARGET_NAME)";
				SWIFT_VERSION = 5.0;
				TARGETED_DEVICE_FAMILY = "1,2";
			};
			name = Release;
		};
/* End XCBuildConfiguration section */

/* Begin XCConfigurationList section */
		381EFDAF230B4573008E29B8 /* Build configuration list for PBXProject "TechProject" */ = {
			isa = XCConfigurationList;
			buildConfigurations = (
				381EFDC4230B4578008E29B8 /* Debug */,
				381EFDC5230B4578008E29B8 /* Release */,
			);
			defaultConfigurationIsVisible = 0;
			defaultConfigurationName = Release;
		};
		381EFDC6230B4579008E29B8 /* Build configuration list for PBXNativeTarget "TechProject" */ = {
			isa = XCConfigurationList;
			buildConfigurations = (
				381EFDC7230B4579008E29B8 /* Debug */,
				381EFDC8230B4579008E29B8 /* Release */,
			);
			defaultConfigurationIsVisible = 0;
			defaultConfigurationName = Release;
		};
/* End XCConfigurationList section */
	};
	rootObject = 381EFDAC230B4573008E29B8 /* Project object */;
}
